// !$*UTF8*$!
{
	archiveVersion = 1;
	classes = {
	};
	objectVersion = 55;
	objects = {

/* Begin PBXBuildFile section */
		1184F1EC2771E75A00BD5B72 /* AppDelegate.swift in Sources */ = {isa = PBXBuildFile; fileRef = 1184F1EB2771E75A00BD5B72 /* AppDelegate.swift */; };
		1184F1EE2771E75B00BD5B72 /* GameScene.sks in Resources */ = {isa = PBXBuildFile; fileRef = 1184F1ED2771E75A00BD5B72 /* GameScene.sks */; };
		1184F1F02771E75B00BD5B72 /* Actions.sks in Resources */ = {isa = PBXBuildFile; fileRef = 1184F1EF2771E75B00BD5B72 /* Actions.sks */; };
		1184F1F42771E75B00BD5B72 /* GameViewController.swift in Sources */ = {isa = PBXBuildFile; fileRef = 1184F1F32771E75B00BD5B72 /* GameViewController.swift */; };
		1184F1F72771E75B00BD5B72 /* Main.storyboard in Resources */ = {isa = PBXBuildFile; fileRef = 1184F1F52771E75B00BD5B72 /* Main.storyboard */; };
		1184F1FC2771E75D00BD5B72 /* LaunchScreen.storyboard in Resources */ = {isa = PBXBuildFile; fileRef = 1184F1FA2771E75D00BD5B72 /* LaunchScreen.storyboard */; };
		1184F20427720E3200BD5B72 /* Content in Resources */ = {isa = PBXBuildFile; fileRef = 1184F20327720E3200BD5B72 /* Content */; };
		1184F20627720E5F00BD5B72 /* Particles in Resources */ = {isa = PBXBuildFile; fileRef = 1184F20527720E5F00BD5B72 /* Particles */; };
		1184F20827720E8700BD5B72 /* Item.swift in Sources */ = {isa = PBXBuildFile; fileRef = 1184F20727720E8700BD5B72 /* Item.swift */; };
		1184F20C27720FA500BD5B72 /* footer in Resources */ = {isa = PBXBuildFile; fileRef = 1184F20B27720FA500BD5B72 /* footer */; };
		1184F20E2772102000BD5B72 /* header.html in Resources */ = {isa = PBXBuildFile; fileRef = 1184F20D2772102000BD5B72 /* header.html */; };
		1184F2102772106600BD5B72 /* prism.css in Resources */ = {isa = PBXBuildFile; fileRef = 1184F20F2772106600BD5B72 /* prism.css */; };
		1184F2122772106E00BD5B72 /* prism.js in Resources */ = {isa = PBXBuildFile; fileRef = 1184F2112772106E00BD5B72 /* prism.js */; };
		1184F2142772107600BD5B72 /* source-code.html in Resources */ = {isa = PBXBuildFile; fileRef = 1184F2132772107600BD5B72 /* source-code.html */; };
		1184F2162772107B00BD5B72 /* toc.html in Resources */ = {isa = PBXBuildFile; fileRef = 1184F2152772107B00BD5B72 /* toc.html */; };
		1184F2182772108F00BD5B72 /* HTML in Resources */ = {isa = PBXBuildFile; fileRef = 1184F2172772108F00BD5B72 /* HTML */; };
		1184F21A277210E200BD5B72 /* Scenes in Resources */ = {isa = PBXBuildFile; fileRef = 1184F219277210E200BD5B72 /* Scenes */; };
		1184F21C2772110C00BD5B72 /* Swift in Resources */ = {isa = PBXBuildFile; fileRef = 1184F21B2772110C00BD5B72 /* Swift */; };
		1184F21E2772160D00BD5B72 /* SplitViewController.swift in Sources */ = {isa = PBXBuildFile; fileRef = 1184F21D2772160D00BD5B72 /* SplitViewController.swift */; };
		1184F2202772165000BD5B72 /* MasterViewController.swift in Sources */ = {isa = PBXBuildFile; fileRef = 1184F21F2772165000BD5B72 /* MasterViewController.swift */; };
		1184F2222772167100BD5B72 /* DetailViewController.swift in Sources */ = {isa = PBXBuildFile; fileRef = 1184F2212772167100BD5B72 /* DetailViewController.swift */; };
		1184F224277216AC00BD5B72 /* WKWebView+LoadChapter.swift in Sources */ = {isa = PBXBuildFile; fileRef = 1184F223277216AC00BD5B72 /* WKWebView+LoadChapter.swift */; };
		1184F226277217D400BD5B72 /* Assets.xcassets in Resources */ = {isa = PBXBuildFile; fileRef = 1184F225277217D300BD5B72 /* Assets.xcassets */; };
/* End PBXBuildFile section */

/* Begin PBXFileReference section */
		1184F1E82771E75A00BD5B72 /* Roads.app */ = {isa = PBXFileReference; explicitFileType = wrapper.application; includeInIndex = 0; path = Roads.app; sourceTree = BUILT_PRODUCTS_DIR; };
		1184F1EB2771E75A00BD5B72 /* AppDelegate.swift */ = {isa = PBXFileReference; lastKnownFileType = sourcecode.swift; path = AppDelegate.swift; sourceTree = "<group>"; };
		1184F1ED2771E75A00BD5B72 /* GameScene.sks */ = {isa = PBXFileReference; lastKnownFileType = file.sks; path = GameScene.sks; sourceTree = "<group>"; };
		1184F1EF2771E75B00BD5B72 /* Actions.sks */ = {isa = PBXFileReference; lastKnownFileType = file.sks; path = Actions.sks; sourceTree = "<group>"; };
		1184F1F32771E75B00BD5B72 /* GameViewController.swift */ = {isa = PBXFileReference; lastKnownFileType = sourcecode.swift; path = GameViewController.swift; sourceTree = "<group>"; };
		1184F1F62771E75B00BD5B72 /* Base */ = {isa = PBXFileReference; lastKnownFileType = file.storyboard; name = Base; path = Base.lproj/Main.storyboard; sourceTree = "<group>"; };
		1184F1FB2771E75D00BD5B72 /* Base */ = {isa = PBXFileReference; lastKnownFileType = file.storyboard; name = Base; path = Base.lproj/LaunchScreen.storyboard; sourceTree = "<group>"; };
		1184F20327720E3200BD5B72 /* Content */ = {isa = PBXFileReference; lastKnownFileType = folder; path = Content; sourceTree = "<group>"; };
		1184F20527720E5F00BD5B72 /* Particles */ = {isa = PBXFileReference; lastKnownFileType = folder; path = Particles; sourceTree = "<group>"; };
		1184F20727720E8700BD5B72 /* Item.swift */ = {isa = PBXFileReference; lastKnownFileType = sourcecode.swift; path = Item.swift; sourceTree = "<group>"; };
		1184F20B27720FA500BD5B72 /* footer */ = {isa = PBXFileReference; explicitFileType = text.html; path = footer; sourceTree = "<group>"; };
		1184F20D2772102000BD5B72 /* header.html */ = {isa = PBXFileReference; lastKnownFileType = text.html; path = header.html; sourceTree = "<group>"; };
		1184F20F2772106600BD5B72 /* prism.css */ = {isa = PBXFileReference; fileEncoding = 4; lastKnownFileType = text.css; path = prism.css; sourceTree = "<group>"; };
		1184F2112772106E00BD5B72 /* prism.js */ = {isa = PBXFileReference; fileEncoding = 4; lastKnownFileType = sourcecode.javascript; path = prism.js; sourceTree = "<group>"; };
		1184F2132772107600BD5B72 /* source-code.html */ = {isa = PBXFileReference; fileEncoding = 4; lastKnownFileType = text.html; path = "source-code.html"; sourceTree = "<group>"; };
		1184F2152772107B00BD5B72 /* toc.html */ = {isa = PBXFileReference; fileEncoding = 4; lastKnownFileType = text.html; path = toc.html; sourceTree = "<group>"; };
		1184F2172772108F00BD5B72 /* HTML */ = {isa = PBXFileReference; lastKnownFileType = folder; path = HTML; sourceTree = "<group>"; };
		1184F219277210E200BD5B72 /* Scenes */ = {isa = PBXFileReference; lastKnownFileType = folder; path = Scenes; sourceTree = "<group>"; };
		1184F21B2772110C00BD5B72 /* Swift */ = {isa = PBXFileReference; lastKnownFileType = folder; path = Swift; sourceTree = "<group>"; };
		1184F21D2772160D00BD5B72 /* SplitViewController.swift */ = {isa = PBXFileReference; lastKnownFileType = sourcecode.swift; path = SplitViewController.swift; sourceTree = "<group>"; };
		1184F21F2772165000BD5B72 /* MasterViewController.swift */ = {isa = PBXFileReference; lastKnownFileType = sourcecode.swift; path = MasterViewController.swift; sourceTree = "<group>"; };
		1184F2212772167100BD5B72 /* DetailViewController.swift */ = {isa = PBXFileReference; lastKnownFileType = sourcecode.swift; path = DetailViewController.swift; sourceTree = "<group>"; };
		1184F223277216AC00BD5B72 /* WKWebView+LoadChapter.swift */ = {isa = PBXFileReference; lastKnownFileType = sourcecode.swift; path = "WKWebView+LoadChapter.swift"; sourceTree = "<group>"; };
		1184F225277217D300BD5B72 /* Assets.xcassets */ = {isa = PBXFileReference; lastKnownFileType = folder.assetcatalog; path = Assets.xcassets; sourceTree = "<group>"; };
/* End PBXFileReference section */

/* Begin PBXFrameworksBuildPhase section */
		1184F1E52771E75A00BD5B72 /* Frameworks */ = {
			isa = PBXFrameworksBuildPhase;
			buildActionMask = 2147483647;
			files = (
			);
			runOnlyForDeploymentPostprocessing = 0;
		};
/* End PBXFrameworksBuildPhase section */

/* Begin PBXGroup section */
		1184F1DF2771E75A00BD5B72 = {
			isa = PBXGroup;
			children = (
				1184F1EA2771E75A00BD5B72 /* Roads */,
				1184F1E92771E75A00BD5B72 /* Products */,
			);
			sourceTree = "<group>";
		};
		1184F1E92771E75A00BD5B72 /* Products */ = {
			isa = PBXGroup;
			children = (
				1184F1E82771E75A00BD5B72 /* Roads.app */,
			);
			name = Products;
			sourceTree = "<group>";
		};
		1184F1EA2771E75A00BD5B72 /* Roads */ = {
			isa = PBXGroup;
			children = (
				1184F219277210E200BD5B72 /* Scenes */,
				1184F20927720ECA00BD5B72 /* Chapters */,
				1184F20227720DD300BD5B72 /* Extras */,
				1184F1EB2771E75A00BD5B72 /* AppDelegate.swift */,
				1184F1EF2771E75B00BD5B72 /* Actions.sks */,
				1184F1F32771E75B00BD5B72 /* GameViewController.swift */,
				1184F1F52771E75B00BD5B72 /* Main.storyboard */,
				1184F1FA2771E75D00BD5B72 /* LaunchScreen.storyboard */,
				1184F21D2772160D00BD5B72 /* SplitViewController.swift */,
				1184F21F2772165000BD5B72 /* MasterViewController.swift */,
				1184F2212772167100BD5B72 /* DetailViewController.swift */,
				1184F223277216AC00BD5B72 /* WKWebView+LoadChapter.swift */,
				1184F225277217D300BD5B72 /* Assets.xcassets */,
			);
			path = Roads;
			sourceTree = "<group>";
		};
		1184F20227720DD300BD5B72 /* Extras */ = {
			isa = PBXGroup;
			children = (
				1184F1ED2771E75A00BD5B72 /* GameScene.sks */,
				1184F20527720E5F00BD5B72 /* Particles */,
				1184F20327720E3200BD5B72 /* Content */,
				1184F20727720E8700BD5B72 /* Item.swift */,
			);
			path = Extras;
			sourceTree = "<group>";
		};
		1184F20927720ECA00BD5B72 /* Chapters */ = {
			isa = PBXGroup;
			children = (
				1184F21B2772110C00BD5B72 /* Swift */,
				1184F20B27720FA500BD5B72 /* footer */,
				1184F20D2772102000BD5B72 /* header.html */,
				1184F20F2772106600BD5B72 /* prism.css */,
				1184F2112772106E00BD5B72 /* prism.js */,
				1184F2132772107600BD5B72 /* source-code.html */,
				1184F2152772107B00BD5B72 /* toc.html */,
				1184F2172772108F00BD5B72 /* HTML */,
			);
			path = Chapters;
			sourceTree = "<group>";
		};
/* End PBXGroup section */

/* Begin PBXNativeTarget section */
		1184F1E72771E75A00BD5B72 /* Roads */ = {
			isa = PBXNativeTarget;
			buildConfigurationList = 1184F1FF2771E75D00BD5B72 /* Build configuration list for PBXNativeTarget "Roads" */;
			buildPhases = (
				1184F1E42771E75A00BD5B72 /* Sources */,
				1184F1E52771E75A00BD5B72 /* Frameworks */,
				1184F1E62771E75A00BD5B72 /* Resources */,
			);
			buildRules = (
			);
			dependencies = (
			);
			name = Roads;
			productName = Roads;
			productReference = 1184F1E82771E75A00BD5B72 /* Roads.app */;
			productType = "com.apple.product-type.application";
		};
/* End PBXNativeTarget section */

/* Begin PBXProject section */
		1184F1E02771E75A00BD5B72 /* Project object */ = {
			isa = PBXProject;
			attributes = {
				BuildIndependentTargetsInParallel = 1;
				LastSwiftUpdateCheck = 1320;
				LastUpgradeCheck = 1320;
				TargetAttributes = {
					1184F1E72771E75A00BD5B72 = {
						CreatedOnToolsVersion = 13.2.1;
					};
				};
			};
			buildConfigurationList = 1184F1E32771E75A00BD5B72 /* Build configuration list for PBXProject "Roads" */;
			compatibilityVersion = "Xcode 13.0";
			developmentRegion = en;
			hasScannedForEncodings = 0;
			knownRegions = (
				en,
				Base,
			);
			mainGroup = 1184F1DF2771E75A00BD5B72;
			productRefGroup = 1184F1E92771E75A00BD5B72 /* Products */;
			projectDirPath = "";
			projectRoot = "";
			targets = (
				1184F1E72771E75A00BD5B72 /* Roads */,
			);
		};
/* End PBXProject section */

/* Begin PBXResourcesBuildPhase section */
		1184F1E62771E75A00BD5B72 /* Resources */ = {
			isa = PBXResourcesBuildPhase;
			buildActionMask = 2147483647;
			files = (
				1184F21A277210E200BD5B72 /* Scenes in Resources */,
				1184F2122772106E00BD5B72 /* prism.js in Resources */,
				1184F21C2772110C00BD5B72 /* Swift in Resources */,
				1184F20627720E5F00BD5B72 /* Particles in Resources */,
				1184F2102772106600BD5B72 /* prism.css in Resources */,
				1184F20427720E3200BD5B72 /* Content in Resources */,
				1184F2142772107600BD5B72 /* source-code.html in Resources */,
				1184F1F72771E75B00BD5B72 /* Main.storyboard in Resources */,
				1184F1EE2771E75B00BD5B72 /* GameScene.sks in Resources */,
				1184F20E2772102000BD5B72 /* header.html in Resources */,
				1184F2182772108F00BD5B72 /* HTML in Resources */,
				1184F20C27720FA500BD5B72 /* footer in Resources */,
				1184F2162772107B00BD5B72 /* toc.html in Resources */,
				1184F1FC2771E75D00BD5B72 /* LaunchScreen.storyboard in Resources */,
				1184F226277217D400BD5B72 /* Assets.xcassets in Resources */,
				1184F1F02771E75B00BD5B72 /* Actions.sks in Resources */,
			);
			runOnlyForDeploymentPostprocessing = 0;
		};
/* End PBXResourcesBuildPhase section */

/* Begin PBXSourcesBuildPhase section */
		1184F1E42771E75A00BD5B72 /* Sources */ = {
			isa = PBXSourcesBuildPhase;
			buildActionMask = 2147483647;
			files = (
				1184F224277216AC00BD5B72 /* WKWebView+LoadChapter.swift in Sources */,
				1184F2202772165000BD5B72 /* MasterViewController.swift in Sources */,
				1184F20827720E8700BD5B72 /* Item.swift in Sources */,
				1184F1F42771E75B00BD5B72 /* GameViewController.swift in Sources */,
				1184F2222772167100BD5B72 /* DetailViewController.swift in Sources */,
				1184F1EC2771E75A00BD5B72 /* AppDelegate.swift in Sources */,
				1184F21E2772160D00BD5B72 /* SplitViewController.swift in Sources */,
			);
			runOnlyForDeploymentPostprocessing = 0;
		};
/* End PBXSourcesBuildPhase section */

/* Begin PBXVariantGroup section */
		1184F1F52771E75B00BD5B72 /* Main.storyboard */ = {
			isa = PBXVariantGroup;
			children = (
				1184F1F62771E75B00BD5B72 /* Base */,
			);
			name = Main.storyboard;
			sourceTree = "<group>";
		};
		1184F1FA2771E75D00BD5B72 /* LaunchScreen.storyboard */ = {
			isa = PBXVariantGroup;
			children = (
				1184F1FB2771E75D00BD5B72 /* Base */,
			);
			name = LaunchScreen.storyboard;
			sourceTree = "<group>";
		};
/* End PBXVariantGroup section */

/* Begin XCBuildConfiguration section */
		1184F1FD2771E75D00BD5B72 /* Debug */ = {
			isa = XCBuildConfiguration;
			buildSettings = {
				ALWAYS_SEARCH_USER_PATHS = NO;
				CLANG_ANALYZER_NONNULL = YES;
				CLANG_ANALYZER_NUMBER_OBJECT_CONVERSION = YES_AGGRESSIVE;
				CLANG_CXX_LANGUAGE_STANDARD = "gnu++17";
				CLANG_CXX_LIBRARY = "libc++";
				CLANG_ENABLE_MODULES = YES;
				CLANG_ENABLE_OBJC_ARC = YES;
				CLANG_ENABLE_OBJC_WEAK = YES;
				CLANG_WARN_BLOCK_CAPTURE_AUTORELEASING = YES;
				CLANG_WARN_BOOL_CONVERSION = YES;
				CLANG_WARN_COMMA = YES;
				CLANG_WARN_CONSTANT_CONVERSION = YES;
				CLANG_WARN_DEPRECATED_OBJC_IMPLEMENTATIONS = YES;
				CLANG_WARN_DIRECT_OBJC_ISA_USAGE = YES_ERROR;
				CLANG_WARN_DOCUMENTATION_COMMENTS = YES;
				CLANG_WARN_EMPTY_BODY = YES;
				CLANG_WARN_ENUM_CONVERSION = YES;
				CLANG_WARN_INFINITE_RECURSION = YES;
				CLANG_WARN_INT_CONVERSION = YES;
				CLANG_WARN_NON_LITERAL_NULL_CONVERSION = YES;
				CLANG_WARN_OBJC_IMPLICIT_RETAIN_SELF = YES;
				CLANG_WARN_OBJC_LITERAL_CONVERSION = YES;
				CLANG_WARN_OBJC_ROOT_CLASS = YES_ERROR;
				CLANG_WARN_QUOTED_INCLUDE_IN_FRAMEWORK_HEADER = YES;
				CLANG_WARN_RANGE_LOOP_ANALYSIS = YES;
				CLANG_WARN_STRICT_PROTOTYPES = YES;
				CLANG_WARN_SUSPICIOUS_MOVE = YES;
				CLANG_WARN_UNGUARDED_AVAILABILITY = YES_AGGRESSIVE;
				CLANG_WARN_UNREACHABLE_CODE = YES;
				CLANG_WARN__DUPLICATE_METHOD_MATCH = YES;
				COPY_PHASE_STRIP = NO;
				DEBUG_INFORMATION_FORMAT = dwarf;
				ENABLE_STRICT_OBJC_MSGSEND = YES;
				ENABLE_TESTABILITY = YES;
				GCC_C_LANGUAGE_STANDARD = gnu11;
				GCC_DYNAMIC_NO_PIC = NO;
				GCC_NO_COMMON_BLOCKS = YES;
				GCC_OPTIMIZATION_LEVEL = 0;
				GCC_PREPROCESSOR_DEFINITIONS = (
					"DEBUG=1",
					"$(inherited)",
				);
				GCC_WARN_64_TO_32_BIT_CONVERSION = YES;
				GCC_WARN_ABOUT_RETURN_TYPE = YES_ERROR;
				GCC_WARN_UNDECLARED_SELECTOR = YES;
				GCC_WARN_UNINITIALIZED_AUTOS = YES_AGGRESSIVE;
				GCC_WARN_UNUSED_FUNCTION = YES;
				GCC_WARN_UNUSED_VARIABLE = YES;
				IPHONEOS_DEPLOYMENT_TARGET = 15.2;
				MTL_ENABLE_DEBUG_INFO = INCLUDE_SOURCE;
				MTL_FAST_MATH = YES;
				ONLY_ACTIVE_ARCH = YES;
				SDKROOT = iphoneos;
				SWIFT_ACTIVE_COMPILATION_CONDITIONS = DEBUG;
				SWIFT_OPTIMIZATION_LEVEL = "-Onone";
			};
			name = Debug;
		};
		1184F1FE2771E75D00BD5B72 /* Release */ = {
			isa = XCBuildConfiguration;
			buildSettings = {
				ALWAYS_SEARCH_USER_PATHS = NO;
				CLANG_ANALYZER_NONNULL = YES;
				CLANG_ANALYZER_NUMBER_OBJECT_CONVERSION = YES_AGGRESSIVE;
				CLANG_CXX_LANGUAGE_STANDARD = "gnu++17";
				CLANG_CXX_LIBRARY = "libc++";
				CLANG_ENABLE_MODULES = YES;
				CLANG_ENABLE_OBJC_ARC = YES;
				CLANG_ENABLE_OBJC_WEAK = YES;
				CLANG_WARN_BLOCK_CAPTURE_AUTORELEASING = YES;
				CLANG_WARN_BOOL_CONVERSION = YES;
				CLANG_WARN_COMMA = YES;
				CLANG_WARN_CONSTANT_CONVERSION = YES;
				CLANG_WARN_DEPRECATED_OBJC_IMPLEMENTATIONS = YES;
				CLANG_WARN_DIRECT_OBJC_ISA_USAGE = YES_ERROR;
				CLANG_WARN_DOCUMENTATION_COMMENTS = YES;
				CLANG_WARN_EMPTY_BODY = YES;
				CLANG_WARN_ENUM_CONVERSION = YES;
				CLANG_WARN_INFINITE_RECURSION = YES;
				CLANG_WARN_INT_CONVERSION = YES;
				CLANG_WARN_NON_LITERAL_NULL_CONVERSION = YES;
				CLANG_WARN_OBJC_IMPLICIT_RETAIN_SELF = YES;
				CLANG_WARN_OBJC_LITERAL_CONVERSION = YES;
				CLANG_WARN_OBJC_ROOT_CLASS = YES_ERROR;
				CLANG_WARN_QUOTED_INCLUDE_IN_FRAMEWORK_HEADER = YES;
				CLANG_WARN_RANGE_LOOP_ANALYSIS = YES;
				CLANG_WARN_STRICT_PROTOTYPES = YES;
				CLANG_WARN_SUSPICIOUS_MOVE = YES;
				CLANG_WARN_UNGUARDED_AVAILABILITY = YES_AGGRESSIVE;
				CLANG_WARN_UNREACHABLE_CODE = YES;
				CLANG_WARN__DUPLICATE_METHOD_MATCH = YES;
				COPY_PHASE_STRIP = NO;
				DEBUG_INFORMATION_FORMAT = "dwarf-with-dsym";
				ENABLE_NS_ASSERTIONS = NO;
				ENABLE_STRICT_OBJC_MSGSEND = YES;
				GCC_C_LANGUAGE_STANDARD = gnu11;
				GCC_NO_COMMON_BLOCKS = YES;
				GCC_WARN_64_TO_32_BIT_CONVERSION = YES;
				GCC_WARN_ABOUT_RETURN_TYPE = YES_ERROR;
				GCC_WARN_UNDECLARED_SELECTOR = YES;
				GCC_WARN_UNINITIALIZED_AUTOS = YES_AGGRESSIVE;
				GCC_WARN_UNUSED_FUNCTION = YES;
				GCC_WARN_UNUSED_VARIABLE = YES;
				IPHONEOS_DEPLOYMENT_TARGET = 15.2;
				MTL_ENABLE_DEBUG_INFO = NO;
				MTL_FAST_MATH = YES;
				SDKROOT = iphoneos;
				SWIFT_COMPILATION_MODE = wholemodule;
				SWIFT_OPTIMIZATION_LEVEL = "-O";
				VALIDATE_PRODUCT = YES;
			};
			name = Release;
		};
		1184F2002771E75D00BD5B72 /* Debug */ = {
			isa = XCBuildConfiguration;
			buildSettings = {
				ASSETCATALOG_COMPILER_APPICON_NAME = AppIcon;
				ASSETCATALOG_COMPILER_GLOBAL_ACCENT_COLOR_NAME = AccentColor;
				CODE_SIGN_STYLE = Automatic;
				CURRENT_PROJECT_VERSION = 1;
				DEVELOPMENT_TEAM = 9S65Z2TB3K;
				GENERATE_INFOPLIST_FILE = YES;
				INFOPLIST_KEY_UIApplicationSupportsIndirectInputEvents = YES;
				INFOPLIST_KEY_UILaunchStoryboardName = LaunchScreen;
				INFOPLIST_KEY_UIMainStoryboardFile = Main;
				INFOPLIST_KEY_UIStatusBarHidden = YES;
				INFOPLIST_KEY_UISupportedInterfaceOrientations_iPad = "UIInterfaceOrientationPortrait UIInterfaceOrientationPortraitUpsideDown UIInterfaceOrientationLandscapeLeft UIInterfaceOrientationLandscapeRight";
				INFOPLIST_KEY_UISupportedInterfaceOrientations_iPhone = "UIInterfaceOrientationPortrait UIInterfaceOrientationLandscapeLeft UIInterfaceOrientationLandscapeRight";
				LD_RUNPATH_SEARCH_PATHS = (
					"$(inherited)",
					"@executable_path/Frameworks",
				);
				MARKETING_VERSION = 1.0;
				PRODUCT_BUNDLE_IDENTIFIER = "-S65Z2TB3K.Roads";
				PRODUCT_NAME = "$(TARGET_NAME)";
				SWIFT_EMIT_LOC_STRINGS = YES;
				SWIFT_VERSION = 5.0;
				TARGETED_DEVICE_FAMILY = "1,2";
			};
			name = Debug;
		};
		1184F2012771E75D00BD5B72 /* Release */ = {
			isa = XCBuildConfiguration;
			buildSettings = {
				ASSETCATALOG_COMPILER_APPICON_NAME = AppIcon;
				ASSETCATALOG_COMPILER_GLOBAL_ACCENT_COLOR_NAME = AccentColor;
				CODE_SIGN_STYLE = Automatic;
				CURRENT_PROJECT_VERSION = 1;
				DEVELOPMENT_TEAM = 9S65Z2TB3K;
				GENERATE_INFOPLIST_FILE = YES;
				INFOPLIST_KEY_UIApplicationSupportsIndirectInputEvents = YES;
				INFOPLIST_KEY_UILaunchStoryboardName = LaunchScreen;
				INFOPLIST_KEY_UIMainStoryboardFile = Main;
				INFOPLIST_KEY_UIStatusBarHidden = YES;
				INFOPLIST_KEY_UISupportedInterfaceOrientations_iPad = "UIInterfaceOrientationPortrait UIInterfaceOrientationPortraitUpsideDown UIInterfaceOrientationLandscapeLeft UIInterfaceOrientationLandscapeRight";
				INFOPLIST_KEY_UISupportedInterfaceOrientations_iPhone = "UIInterfaceOrientationPortrait UIInterfaceOrientationLandscapeLeft UIInterfaceOrientationLandscapeRight";
				LD_RUNPATH_SEARCH_PATHS = (
					"$(inherited)",
					"@executable_path/Frameworks",
				);
				MARKETING_VERSION = 1.0;
				PRODUCT_BUNDLE_IDENTIFIER = "-S65Z2TB3K.Roads";
				PRODUCT_NAME = "$(TARGET_NAME)";
				SWIFT_EMIT_LOC_STRINGS = YES;
				SWIFT_VERSION = 5.0;
				TARGETED_DEVICE_FAMILY = "1,2";
			};
			name = Release;
		};
/* End XCBuildConfiguration section */

/* Begin XCConfigurationList section */
		1184F1E32771E75A00BD5B72 /* Build configuration list for PBXProject "Roads" */ = {
			isa = XCConfigurationList;
			buildConfigurations = (
				1184F1FD2771E75D00BD5B72 /* Debug */,
				1184F1FE2771E75D00BD5B72 /* Release */,
			);
			defaultConfigurationIsVisible = 0;
			defaultConfigurationName = Release;
		};
		1184F1FF2771E75D00BD5B72 /* Build configuration list for PBXNativeTarget "Roads" */ = {
			isa = XCConfigurationList;
			buildConfigurations = (
				1184F2002771E75D00BD5B72 /* Debug */,
				1184F2012771E75D00BD5B72 /* Release */,
			);
			defaultConfigurationIsVisible = 0;
			defaultConfigurationName = Release;
		};
/* End XCConfigurationList section */
	};
	rootObject = 1184F1E02771E75A00BD5B72 /* Project object */;
}
